# This is a Gradle generated file for dependency locking.
# Manual edits can break the build and are not advised.
# This file is expected to be part of source control.
ch.qos.logback:logback-classic:1.3.0-alpha12=compileClasspath,integrationTestCompileClasspath,integrationTestRuntimeClasspath,runtimeClasspath,systemTestCompileClasspath,systemTestRuntimeClasspath,testCompileClasspath,testRuntimeClasspath
ch.qos.logback:logback-core:1.3.0-alpha12=compileClasspath,integrationTestCompileClasspath,integrationTestRuntimeClasspath,runtimeClasspath,systemTestCompileClasspath,systemTestRuntimeClasspath,testCompileClasspath,testRuntimeClasspath
com.fasterxml.jackson.core:jackson-annotations:2.13.1=compileClasspath,integrationTestCompileClasspath,integrationTestRuntimeClasspath,runtimeClasspath,systemTestCompileClasspath,systemTestRuntimeClasspath,testCompileClasspath,testRuntimeClasspath
com.fasterxml.jackson.core:jackson-core:2.13.1=compileClasspath,integrationTestCompileClasspath,integrationTestRuntimeClasspath,runtimeClasspath,systemTestCompileClasspath,systemTestRuntimeClasspath,testCompileClasspath,testRuntimeClasspath
com.fasterxml.jackson.core:jackson-databind:2.13.1=compileClasspath,integrationTestCompileClasspath,integrationTestRuntimeClasspath,runtimeClasspath,systemTestCompileClasspath,systemTestRuntimeClasspath,testCompileClasspath,testRuntimeClasspath
com.fasterxml.jackson:jackson-bom:2.13.1=compileClasspath,integrationTestCompileClasspath,integrationTestRuntimeClasspath,runtimeClasspath,systemTestCompileClasspath,systemTestRuntimeClasspath,testCompileClasspath,testRuntimeClasspath
com.github.docker-java:docker-java-api:3.2.12=integrationTestCompileClasspath,integrationTestRuntimeClasspath,systemTestCompileClasspath,systemTestRuntimeClasspath,testCompileClasspath,testRuntimeClasspath
com.github.docker-java:docker-java-transport-zerodep:3.2.12=integrationTestCompileClasspath,integrationTestRuntimeClasspath,systemTestCompileClasspath,systemTestRuntimeClasspath,testCompileClasspath,testRuntimeClasspath
com.github.docker-java:docker-java-transport:3.2.12=integrationTestCompileClasspath,integrationTestRuntimeClasspath,systemTestCompileClasspath,systemTestRuntimeClasspath,testCompileClasspath,testRuntimeClasspath
com.github.javaparser:javaparser-symbol-solver-core:3.6.23=integrationTestRuntimeClasspath,runtimeClasspath,systemTestRuntimeClasspath,testRuntimeClasspath
com.github.javaparser:javaparser-symbol-solver-logic:3.6.23=integrationTestRuntimeClasspath,runtimeClasspath,systemTestRuntimeClasspath,testRuntimeClasspath
com.github.luben:zstd-jni:1.5.0-2=integrationTestRuntimeClasspath,runtimeClasspath,systemTestRuntimeClasspath,testRuntimeClasspath
com.google.code.findbugs:jsr305:3.0.2=integrationTestCompileClasspath,integrationTestRuntimeClasspath,runtimeClasspath,systemTestCompileClasspath,systemTestRuntimeClasspath,testCompileClasspath,testRuntimeClasspath
com.google.errorprone:error_prone_annotations:2.7.1=integrationTestCompileClasspath,integrationTestRuntimeClasspath,runtimeClasspath,systemTestCompileClasspath,systemTestRuntimeClasspath,testCompileClasspath,testRuntimeClasspath
com.google.guava:failureaccess:1.0.1=integrationTestCompileClasspath,integrationTestRuntimeClasspath,runtimeClasspath,systemTestCompileClasspath,systemTestRuntimeClasspath,testCompileClasspath,testRuntimeClasspath
com.google.guava:guava:31.0.1-jre=integrationTestCompileClasspath,integrationTestRuntimeClasspath,runtimeClasspath,systemTestCompileClasspath,systemTestRuntimeClasspath,testCompileClasspath,testRuntimeClasspath
com.google.guava:listenablefuture:9999.0-empty-to-avoid-conflict-with-guava=integrationTestCompileClasspath,integrationTestRuntimeClasspath,runtimeClasspath,systemTestCompileClasspath,systemTestRuntimeClasspath,testCompileClasspath,testRuntimeClasspath
com.google.j2objc:j2objc-annotations:1.3=integrationTestCompileClasspath,integrationTestRuntimeClasspath,runtimeClasspath,systemTestCompileClasspath,systemTestRuntimeClasspath,testCompileClasspath,testRuntimeClasspath
com.googlecode.javaewah:JavaEWAH:1.1.13=integrationTestRuntimeClasspath,runtimeClasspath,systemTestRuntimeClasspath,testRuntimeClasspath
com.sun.activation:javax.activation:1.2.0=integrationTestRuntimeClasspath,runtimeClasspath,systemTestRuntimeClasspath,testRuntimeClasspath
commons-cli:commons-cli:1.4=integrationTestCompileClasspath,integrationTestRuntimeClasspath,systemTestCompileClasspath,systemTestRuntimeClasspath,testCompileClasspath,testRuntimeClasspath
commons-io:commons-io:2.11.0=integrationTestRuntimeClasspath,runtimeClasspath,systemTestRuntimeClasspath,testRuntimeClasspath
io.netty:netty-buffer:4.1.72.Final=compileClasspath,integrationTestCompileClasspath,integrationTestRuntimeClasspath,runtimeClasspath,systemTestCompileClasspath,systemTestRuntimeClasspath,testCompileClasspath,testRuntimeClasspath
io.netty:netty-codec-dns:4.1.72.Final=compileClasspath,integrationTestCompileClasspath,integrationTestRuntimeClasspath,runtimeClasspath,systemTestCompileClasspath,systemTestRuntimeClasspath,testCompileClasspath,testRuntimeClasspath
io.netty:netty-codec-http2:4.1.72.Final=compileClasspath,integrationTestCompileClasspath,integrationTestRuntimeClasspath,runtimeClasspath,systemTestCompileClasspath,systemTestRuntimeClasspath,testCompileClasspath,testRuntimeClasspath
io.netty:netty-codec-http:4.1.72.Final=compileClasspath,integrationTestCompileClasspath,integrationTestRuntimeClasspath,runtimeClasspath,systemTestCompileClasspath,systemTestRuntimeClasspath,testCompileClasspath,testRuntimeClasspath
io.netty:netty-codec-socks:4.1.72.Final=compileClasspath,integrationTestCompileClasspath,integrationTestRuntimeClasspath,runtimeClasspath,systemTestCompileClasspath,systemTestRuntimeClasspath,testCompileClasspath,testRuntimeClasspath
io.netty:netty-codec:4.1.72.Final=compileClasspath,integrationTestCompileClasspath,integrationTestRuntimeClasspath,runtimeClasspath,systemTestCompileClasspath,systemTestRuntimeClasspath,testCompileClasspath,testRuntimeClasspath
io.netty:netty-common:4.1.72.Final=compileClasspath,integrationTestCompileClasspath,integrationTestRuntimeClasspath,runtimeClasspath,systemTestCompileClasspath,systemTestRuntimeClasspath,testCompileClasspath,testRuntimeClasspath
io.netty:netty-handler-proxy:4.1.72.Final=compileClasspath,integrationTestCompileClasspath,integrationTestRuntimeClasspath,runtimeClasspath,systemTestCompileClasspath,systemTestRuntimeClasspath,testCompileClasspath,testRuntimeClasspath
io.netty:netty-handler:4.1.72.Final=compileClasspath,integrationTestCompileClasspath,integrationTestRuntimeClasspath,runtimeClasspath,systemTestCompileClasspath,systemTestRuntimeClasspath,testCompileClasspath,testRuntimeClasspath
io.netty:netty-resolver-dns:4.1.72.Final=compileClasspath,integrationTestCompileClasspath,integrationTestRuntimeClasspath,runtimeClasspath,systemTestCompileClasspath,systemTestRuntimeClasspath,testCompileClasspath,testRuntimeClasspath
io.netty:netty-resolver:4.1.72.Final=compileClasspath,integrationTestCompileClasspath,integrationTestRuntimeClasspath,runtimeClasspath,systemTestCompileClasspath,systemTestRuntimeClasspath,testCompileClasspath,testRuntimeClasspath
io.netty:netty-transport:4.1.72.Final=compileClasspath,integrationTestCompileClasspath,integrationTestRuntimeClasspath,runtimeClasspath,systemTestCompileClasspath,systemTestRuntimeClasspath,testCompileClasspath,testRuntimeClasspath
io.vertx:vertx-auth-common:4.2.3=integrationTestRuntimeClasspath,runtimeClasspath,systemTestRuntimeClasspath,testRuntimeClasspath
io.vertx:vertx-bridge-common:4.2.3=integrationTestRuntimeClasspath,runtimeClasspath,systemTestRuntimeClasspath,testRuntimeClasspath
io.vertx:vertx-core:4.2.3=compileClasspath,integrationTestCompileClasspath,integrationTestRuntimeClasspath,runtimeClasspath,systemTestCompileClasspath,systemTestRuntimeClasspath,testCompileClasspath,testRuntimeClasspath
io.vertx:vertx-kafka-client:4.2.3=compileClasspath,integrationTestCompileClasspath,integrationTestRuntimeClasspath,runtimeClasspath,systemTestCompileClasspath,systemTestRuntimeClasspath,testCompileClasspath,testRuntimeClasspath
io.vertx:vertx-web-client:4.2.3=integrationTestRuntimeClasspath,runtimeClasspath,systemTestRuntimeClasspath,testRuntimeClasspath
io.vertx:vertx-web-common:4.2.3=integrationTestRuntimeClasspath,runtimeClasspath,systemTestRuntimeClasspath,testRuntimeClasspath
io.vertx:vertx-web:4.2.3=integrationTestRuntimeClasspath,runtimeClasspath,systemTestRuntimeClasspath,testRuntimeClasspath
javax.activation:javax.activation-api:1.2.0=integrationTestRuntimeClasspath,runtimeClasspath,systemTestRuntimeClasspath,testRuntimeClasspath
javax.xml.bind:jaxb-api:2.3.1=integrationTestRuntimeClasspath,runtimeClasspath,systemTestRuntimeClasspath,testRuntimeClasspath
junit:junit:4.13.2=integrationTestCompileClasspath,integrationTestRuntimeClasspath,systemTestCompileClasspath,systemTestRuntimeClasspath,testCompileClasspath,testRuntimeClasspath
net.bytebuddy:byte-buddy-agent:1.12.4=integrationTestCompileClasspath,integrationTestRuntimeClasspath,systemTestCompileClasspath,systemTestRuntimeClasspath,testCompileClasspath,testRuntimeClasspath
net.bytebuddy:byte-buddy:1.12.4=integrationTestCompileClasspath,integrationTestRuntimeClasspath,systemTestCompileClasspath,systemTestRuntimeClasspath,testCompileClasspath,testRuntimeClasspath
net.java.dev.jna:jna:5.8.0=integrationTestCompileClasspath,integrationTestRuntimeClasspath,systemTestCompileClasspath,systemTestRuntimeClasspath,testCompileClasspath,testRuntimeClasspath
net.jqwik:jqwik-api:1.6.2=integrationTestCompileClasspath,integrationTestRuntimeClasspath,systemTestCompileClasspath,systemTestRuntimeClasspath,testCompileClasspath,testRuntimeClasspath
net.jqwik:jqwik-engine:1.6.2=integrationTestRuntimeClasspath,systemTestRuntimeClasspath,testRuntimeClasspath
net.jqwik:jqwik-time:1.6.2=integrationTestCompileClasspath,integrationTestRuntimeClasspath,systemTestCompileClasspath,systemTestRuntimeClasspath,testCompileClasspath,testRuntimeClasspath
net.jqwik:jqwik-web:1.6.2=integrationTestCompileClasspath,integrationTestRuntimeClasspath,systemTestCompileClasspath,systemTestRuntimeClasspath,testCompileClasspath,testRuntimeClasspath
net.jqwik:jqwik:1.6.2=integrationTestCompileClasspath,integrationTestRuntimeClasspath,systemTestCompileClasspath,systemTestRuntimeClasspath,testCompileClasspath,testRuntimeClasspath
org.apache.commons:commons-compress:1.21=integrationTestCompileClasspath,integrationTestRuntimeClasspath,systemTestCompileClasspath,systemTestRuntimeClasspath,testCompileClasspath,testRuntimeClasspath
org.apache.commons:commons-lang3:3.11=integrationTestCompileClasspath,integrationTestRuntimeClasspath,systemTestCompileClasspath,systemTestRuntimeClasspath,testCompileClasspath,testRuntimeClasspath
org.apache.kafka:kafka-clients:3.0.0=compileClasspath,integrationTestCompileClasspath,integrationTestRuntimeClasspath,runtimeClasspath,systemTestCompileClasspath,systemTestRuntimeClasspath,testCompileClasspath,testRuntimeClasspath
org.apiguardian:apiguardian-api:1.1.2=integrationTestCompileClasspath,integrationTestRuntimeClasspath,systemTestCompileClasspath,systemTestRuntimeClasspath,testCompileClasspath,testRuntimeClasspath
org.assertj:assertj-assertions-generator:2.2.1=integrationTestCompileClasspath,integrationTestRuntimeClasspath,systemTestCompileClasspath,systemTestRuntimeClasspath,testCompileClasspath,testRuntimeClasspath
org.assertj:assertj-core:3.22.0=integrationTestCompileClasspath,integrationTestRuntimeClasspath,systemTestCompileClasspath,systemTestRuntimeClasspath,testCompileClasspath,testRuntimeClasspath
org.checkerframework:checker-qual:3.12.0=integrationTestCompileClasspath,integrationTestRuntimeClasspath,runtimeClasspath,systemTestCompileClasspath,systemTestRuntimeClasspath,testCompileClasspath,testRuntimeClasspath
org.copper-engine:copper-coreengine:5.4.1=compileClasspath,integrationTestCompileClasspath,integrationTestRuntimeClasspath,runtimeClasspath,systemTestCompileClasspath,systemTestRuntimeClasspath,testCompileClasspath,testRuntimeClasspath
org.copper-engine:copper-ext:5.4.1=integrationTestRuntimeClasspath,runtimeClasspath,systemTestRuntimeClasspath,testRuntimeClasspath
org.copper-engine:copper-jmx-interface:5.4.1=compileClasspath,integrationTestCompileClasspath,integrationTestRuntimeClasspath,runtimeClasspath,systemTestCompileClasspath,systemTestRuntimeClasspath,testCompileClasspath,testRuntimeClasspath
org.eclipse.jgit:org.eclipse.jgit:6.0.0.202111291000-r=integrationTestRuntimeClasspath,runtimeClasspath,systemTestRuntimeClasspath,testRuntimeClasspath
org.hamcrest:hamcrest-core:1.3=integrationTestCompileClasspath,integrationTestRuntimeClasspath,systemTestCompileClasspath,systemTestRuntimeClasspath,testCompileClasspath,testRuntimeClasspath
org.jacoco:org.jacoco.agent:0.8.7=jacocoAgent,jacocoAnt
org.jacoco:org.jacoco.ant:0.8.7=jacocoAnt
org.jacoco:org.jacoco.core:0.8.7=jacocoAnt
org.jacoco:org.jacoco.report:0.8.7=jacocoAnt
org.javassist:javassist:3.23.1-GA=integrationTestRuntimeClasspath,runtimeClasspath,systemTestRuntimeClasspath,testRuntimeClasspath
org.jetbrains:annotations:17.0.0=integrationTestCompileClasspath,integrationTestRuntimeClasspath,systemTestCompileClasspath,systemTestRuntimeClasspath,testCompileClasspath,testRuntimeClasspath
org.junit.jupiter:junit-jupiter-api:5.8.2=integrationTestCompileClasspath,integrationTestRuntimeClasspath,systemTestCompileClasspath,systemTestRuntimeClasspath,testCompileClasspath,testRuntimeClasspath
org.junit.jupiter:junit-jupiter-engine:5.8.2=integrationTestRuntimeClasspath,systemTestRuntimeClasspath,testRuntimeClasspath
org.junit.jupiter:junit-jupiter-params:5.8.2=integrationTestCompileClasspath,integrationTestRuntimeClasspath,systemTestCompileClasspath,systemTestRuntimeClasspath,testCompileClasspath,testRuntimeClasspath
org.junit.jupiter:junit-jupiter:5.8.2=integrationTestCompileClasspath,integrationTestRuntimeClasspath,systemTestCompileClasspath,systemTestRuntimeClasspath,testCompileClasspath,testRuntimeClasspath
org.junit.platform:junit-platform-commons:1.8.2=integrationTestCompileClasspath,integrationTestRuntimeClasspath,systemTestCompileClasspath,systemTestRuntimeClasspath,testCompileClasspath,testRuntimeClasspath
org.junit.platform:junit-platform-engine:1.8.2=integrationTestRuntimeClasspath,systemTestRuntimeClasspath,testRuntimeClasspath
org.junit:junit-bom:5.8.2=integrationTestCompileClasspath,integrationTestRuntimeClasspath,systemTestCompileClasspath,systemTestRuntimeClasspath,testCompileClasspath,testRuntimeClasspath
org.lz4:lz4-java:1.7.1=integrationTestRuntimeClasspath,runtimeClasspath,systemTestRuntimeClasspath,testRuntimeClasspath
org.mockito:mockito-core:4.2.0=integrationTestCompileClasspath,integrationTestRuntimeClasspath,systemTestCompileClasspath,systemTestRuntimeClasspath,testCompileClasspath,testRuntimeClasspath
org.objenesis:objenesis:3.2=integrationTestRuntimeClasspath,systemTestRuntimeClasspath,testRuntimeClasspath
org.opentest4j:opentest4j:1.2.0=integrationTestCompileClasspath,integrationTestRuntimeClasspath,systemTestCompileClasspath,systemTestRuntimeClasspath,testCompileClasspath,testRuntimeClasspath
org.ow2.asm:asm-analysis:9.1=jacocoAnt
org.ow2.asm:asm-analysis:9.2=integrationTestRuntimeClasspath,runtimeClasspath,systemTestRuntimeClasspath,testRuntimeClasspath
org.ow2.asm:asm-commons:9.1=jacocoAnt
org.ow2.asm:asm-commons:9.2=integrationTestRuntimeClasspath,runtimeClasspath,systemTestRuntimeClasspath,testRuntimeClasspath
org.ow2.asm:asm-tree:9.1=jacocoAnt
org.ow2.asm:asm-tree:9.2=integrationTestRuntimeClasspath,runtimeClasspath,systemTestRuntimeClasspath,testRuntimeClasspath
org.ow2.asm:asm-util:9.2=integrationTestRuntimeClasspath,runtimeClasspath,systemTestRuntimeClasspath,testRuntimeClasspath
org.ow2.asm:asm:9.1=jacocoAnt
org.ow2.asm:asm:9.2=integrationTestRuntimeClasspath,runtimeClasspath,systemTestRuntimeClasspath,testRuntimeClasspath
org.rnorth.duct-tape:duct-tape:1.0.8=integrationTestCompileClasspath,integrationTestRuntimeClasspath,systemTestCompileClasspath,systemTestRuntimeClasspath,testCompileClasspath,testRuntimeClasspath
org.slf4j:slf4j-api:2.0.0-alpha5=compileClasspath,integrationTestCompileClasspath,integrationTestRuntimeClasspath,runtimeClasspath,systemTestCompileClasspath,systemTestRuntimeClasspath,testCompileClasspath,testRuntimeClasspath
org.testcontainers:kafka:1.16.2=integrationTestCompileClasspath,integrationTestRuntimeClasspath,systemTestCompileClasspath,systemTestRuntimeClasspath,testCompileClasspath,testRuntimeClasspath
org.testcontainers:testcontainers:1.16.2=integrationTestCompileClasspath,integrationTestRuntimeClasspath,systemTestCompileClasspath,systemTestRuntimeClasspath,testCompileClasspath,testRuntimeClasspath
org.xerial.snappy:snappy-java:1.1.8.1=integrationTestRuntimeClasspath,runtimeClasspath,systemTestRuntimeClasspath,testRuntimeClasspath
org.yaml:snakeyaml:1.30=integrationTestRuntimeClasspath,runtimeClasspath,systemTestRuntimeClasspath,testRuntimeClasspath
empty=annotationProcessor,integrationTestAnnotationProcessor,systemTestAnnotationProcessor,testAnnotationProcessor
