# This is a Gradle generated file for dependency locking.
# Manual edits can break the build and are not advised.
# This file is expected to be part of source control.
ch.qos.logback:logback-classic:1.3.0-alpha4
ch.qos.logback:logback-core:1.3.0-alpha4
com.fasterxml.jackson.core:jackson-annotations:2.12.3
com.fasterxml.jackson.core:jackson-core:2.12.3
com.fasterxml.jackson.core:jackson-databind:2.12.3
com.fasterxml.jackson:jackson-bom:2.12.3
com.github.luben:zstd-jni:1.4.4-7
io.netty:netty-buffer:4.1.60.Final
io.netty:netty-codec-dns:4.1.60.Final
io.netty:netty-codec-http2:4.1.60.Final
io.netty:netty-codec-http:4.1.60.Final
io.netty:netty-codec-socks:4.1.60.Final
io.netty:netty-codec:4.1.60.Final
io.netty:netty-common:4.1.60.Final
io.netty:netty-handler-proxy:4.1.60.Final
io.netty:netty-handler:4.1.60.Final
io.netty:netty-resolver-dns:4.1.60.Final
io.netty:netty-resolver:4.1.60.Final
io.netty:netty-transport:4.1.60.Final
io.vertx:vertx-core:4.1.0.Beta1
io.vertx:vertx-kafka-client:4.1.0.Beta1
org.apache.kafka:kafka-clients:2.6.0
org.copper-engine:copper-coreengine:5.3.0
org.copper-engine:copper-jmx-interface:5.3.0
org.lz4:lz4-java:1.7.1
org.slf4j:slf4j-api:1.8.0-beta4
org.xerial.snappy:snappy-java:1.1.7.3
