# This is a Gradle generated file for dependency locking.
# Manual edits can break the build and are not advised.
# This file is expected to be part of source control.
ch.qos.logback:logback-classic:1.2.3=tmpTestImplementation
ch.qos.logback:logback-classic:1.5.3=compileClasspath,integrationTestCompileClasspath,integrationTestRuntimeClasspath,runtimeClasspath,systemTestCompileClasspath,systemTestRuntimeClasspath,testCompileClasspath,testRuntimeClasspath
ch.qos.logback:logback-core:1.2.3=tmpTestImplementation
ch.qos.logback:logback-core:1.5.3=compileClasspath,integrationTestCompileClasspath,integrationTestRuntimeClasspath,runtimeClasspath,systemTestCompileClasspath,systemTestRuntimeClasspath,testCompileClasspath,testRuntimeClasspath
com.fasterxml.jackson.core:jackson-annotations:2.17.0=compileClasspath,integrationTestCompileClasspath,integrationTestRuntimeClasspath,runtimeClasspath,systemTestCompileClasspath,systemTestRuntimeClasspath,testCompileClasspath,testRuntimeClasspath
com.fasterxml.jackson.core:jackson-core:2.17.0=compileClasspath,integrationTestCompileClasspath,integrationTestRuntimeClasspath,runtimeClasspath,systemTestCompileClasspath,systemTestRuntimeClasspath,testCompileClasspath,testRuntimeClasspath
com.fasterxml.jackson.core:jackson-databind:2.17.0=compileClasspath,integrationTestCompileClasspath,integrationTestRuntimeClasspath,runtimeClasspath,systemTestCompileClasspath,systemTestRuntimeClasspath,testCompileClasspath,testRuntimeClasspath
com.fasterxml.jackson:jackson-bom:2.17.0=compileClasspath,integrationTestCompileClasspath,integrationTestRuntimeClasspath,runtimeClasspath,systemTestCompileClasspath,systemTestRuntimeClasspath,testCompileClasspath,testRuntimeClasspath
com.github.javaparser:javaparser-symbol-solver-core:3.6.23=integrationTestRuntimeClasspath,runtimeClasspath,systemTestRuntimeClasspath,testRuntimeClasspath
com.github.javaparser:javaparser-symbol-solver-logic:3.6.23=integrationTestRuntimeClasspath,runtimeClasspath,systemTestRuntimeClasspath,testRuntimeClasspath
com.google.code.findbugs:jsr305:3.0.2=integrationTestCompileClasspath,integrationTestRuntimeClasspath,runtimeClasspath,systemTestCompileClasspath,systemTestRuntimeClasspath,testCompileClasspath,testRuntimeClasspath,tmpTestImplementation
com.google.errorprone:error_prone_annotations:2.26.1=integrationTestCompileClasspath,integrationTestRuntimeClasspath,runtimeClasspath,systemTestCompileClasspath,systemTestRuntimeClasspath,testCompileClasspath,testRuntimeClasspath
com.google.errorprone:error_prone_annotations:2.3.2=tmpTestImplementation
com.google.guava:failureaccess:1.0.1=tmpTestImplementation
com.google.guava:failureaccess:1.0.2=integrationTestCompileClasspath,integrationTestRuntimeClasspath,runtimeClasspath,systemTestCompileClasspath,systemTestRuntimeClasspath,testCompileClasspath,testRuntimeClasspath
com.google.guava:guava:28.1-jre=tmpTestImplementation
com.google.guava:guava:33.1.0-jre=integrationTestCompileClasspath,integrationTestRuntimeClasspath,runtimeClasspath,systemTestCompileClasspath,systemTestRuntimeClasspath,testCompileClasspath,testRuntimeClasspath
com.google.guava:listenablefuture:9999.0-empty-to-avoid-conflict-with-guava=integrationTestCompileClasspath,integrationTestRuntimeClasspath,runtimeClasspath,systemTestCompileClasspath,systemTestRuntimeClasspath,testCompileClasspath,testRuntimeClasspath,tmpTestImplementation
com.google.j2objc:j2objc-annotations:1.3=tmpTestImplementation
com.google.j2objc:j2objc-annotations:3.0.0=integrationTestCompileClasspath,systemTestCompileClasspath,testCompileClasspath
com.googlecode.javaewah:JavaEWAH:1.2.3=compileClasspath,integrationTestCompileClasspath,integrationTestRuntimeClasspath,runtimeClasspath,systemTestCompileClasspath,systemTestRuntimeClasspath,testCompileClasspath,testRuntimeClasspath
com.sun.activation:javax.activation:1.2.0=integrationTestRuntimeClasspath,runtimeClasspath,systemTestRuntimeClasspath,testRuntimeClasspath
commons-cli:commons-cli:1.4=integrationTestCompileClasspath,integrationTestRuntimeClasspath,systemTestCompileClasspath,systemTestRuntimeClasspath,testCompileClasspath,testRuntimeClasspath,tmpTestImplementation
commons-codec:commons-codec:1.16.0=compileClasspath,integrationTestCompileClasspath,integrationTestRuntimeClasspath,runtimeClasspath,systemTestCompileClasspath,systemTestRuntimeClasspath,testCompileClasspath,testRuntimeClasspath
commons-io:commons-io:2.15.1=integrationTestRuntimeClasspath,runtimeClasspath,systemTestRuntimeClasspath,testRuntimeClasspath
javax.activation:javax.activation-api:1.2.0=integrationTestRuntimeClasspath,runtimeClasspath,systemTestRuntimeClasspath,testRuntimeClasspath
javax.xml.bind:jaxb-api:2.3.1=integrationTestRuntimeClasspath,runtimeClasspath,systemTestRuntimeClasspath,testRuntimeClasspath
net.bytebuddy:byte-buddy-agent:1.14.12=integrationTestCompileClasspath,integrationTestRuntimeClasspath,systemTestCompileClasspath,systemTestRuntimeClasspath,testCompileClasspath,testRuntimeClasspath,tmpTestImplementation
net.bytebuddy:byte-buddy:1.14.12=integrationTestCompileClasspath,integrationTestRuntimeClasspath,systemTestCompileClasspath,systemTestRuntimeClasspath,testCompileClasspath,testRuntimeClasspath,tmpTestImplementation
net.bytebuddy:byte-buddy:1.14.9=compileClasspath,runtimeClasspath
net.jqwik:jqwik-api:1.8.4=integrationTestCompileClasspath,integrationTestRuntimeClasspath,systemTestCompileClasspath,systemTestRuntimeClasspath,testCompileClasspath,testRuntimeClasspath,tmpTestImplementation
net.jqwik:jqwik-engine:1.8.4=integrationTestRuntimeClasspath,systemTestRuntimeClasspath,testRuntimeClasspath,tmpTestImplementation
net.jqwik:jqwik-time:1.8.4=integrationTestCompileClasspath,integrationTestRuntimeClasspath,systemTestCompileClasspath,systemTestRuntimeClasspath,testCompileClasspath,testRuntimeClasspath,tmpTestImplementation
net.jqwik:jqwik-web:1.8.4=integrationTestCompileClasspath,integrationTestRuntimeClasspath,systemTestCompileClasspath,systemTestRuntimeClasspath,testCompileClasspath,testRuntimeClasspath,tmpTestImplementation
net.jqwik:jqwik:1.8.4=integrationTestCompileClasspath,integrationTestRuntimeClasspath,systemTestCompileClasspath,systemTestRuntimeClasspath,testCompileClasspath,testRuntimeClasspath,tmpTestImplementation
org.apache.commons:commons-lang3:3.11=integrationTestCompileClasspath,integrationTestRuntimeClasspath,systemTestCompileClasspath,systemTestRuntimeClasspath,testCompileClasspath,testRuntimeClasspath,tmpTestImplementation
org.apache.commons:commons-lang3:3.12.0=pitest
org.apache.commons:commons-text:1.10.0=pitest
org.apiguardian:apiguardian-api:1.1.2=integrationTestCompileClasspath,integrationTestRuntimeClasspath,systemTestCompileClasspath,systemTestRuntimeClasspath,testCompileClasspath,testRuntimeClasspath,tmpTestImplementation
org.assertj:assertj-assertions-generator:2.2.1=integrationTestCompileClasspath,integrationTestRuntimeClasspath,systemTestCompileClasspath,systemTestRuntimeClasspath,testCompileClasspath,testRuntimeClasspath,tmpTestImplementation
org.assertj:assertj-core:3.25.3=integrationTestCompileClasspath,integrationTestRuntimeClasspath,systemTestCompileClasspath,systemTestRuntimeClasspath,testCompileClasspath,testRuntimeClasspath,tmpTestImplementation
org.checkerframework:checker-qual:2.8.1=tmpTestImplementation
org.checkerframework:checker-qual:3.42.0=integrationTestCompileClasspath,integrationTestRuntimeClasspath,runtimeClasspath,systemTestCompileClasspath,systemTestRuntimeClasspath,testCompileClasspath,testRuntimeClasspath
org.codehaus.mojo:animal-sniffer-annotations:1.18=tmpTestImplementation
org.copper-engine:copper-coreengine:5.4.2=compileClasspath,integrationTestCompileClasspath,integrationTestRuntimeClasspath,runtimeClasspath,systemTestCompileClasspath,systemTestRuntimeClasspath,testCompileClasspath,testRuntimeClasspath
org.copper-engine:copper-ext:5.4.2=compileClasspath,integrationTestCompileClasspath,integrationTestRuntimeClasspath,runtimeClasspath,systemTestCompileClasspath,systemTestRuntimeClasspath,testCompileClasspath,testRuntimeClasspath
org.copper-engine:copper-jmx-interface:5.4.2=compileClasspath,integrationTestCompileClasspath,integrationTestRuntimeClasspath,runtimeClasspath,systemTestCompileClasspath,systemTestRuntimeClasspath,testCompileClasspath,testRuntimeClasspath
org.crac:crac:1.4.0=compileClasspath,integrationTestCompileClasspath,integrationTestRuntimeClasspath,runtimeClasspath,systemTestCompileClasspath,systemTestRuntimeClasspath,testCompileClasspath,testRuntimeClasspath
org.eclipse.jgit:org.eclipse.jgit:6.9.0.202403050737-r=compileClasspath,integrationTestCompileClasspath,integrationTestRuntimeClasspath,runtimeClasspath,systemTestCompileClasspath,systemTestRuntimeClasspath,testCompileClasspath,testRuntimeClasspath
org.jacoco:org.jacoco.agent:0.8.11=jacocoAgent,jacocoAnt
org.jacoco:org.jacoco.ant:0.8.11=jacocoAnt
org.jacoco:org.jacoco.core:0.8.11=jacocoAnt
org.jacoco:org.jacoco.report:0.8.11=jacocoAnt
org.javassist:javassist:3.23.1-GA=integrationTestRuntimeClasspath,runtimeClasspath,systemTestRuntimeClasspath,testRuntimeClasspath
org.junit.jupiter:junit-jupiter-api:5.10.2=integrationTestCompileClasspath,integrationTestRuntimeClasspath,systemTestCompileClasspath,systemTestRuntimeClasspath,testCompileClasspath,testRuntimeClasspath,tmpTestImplementation
org.junit.jupiter:junit-jupiter-engine:5.10.2=integrationTestRuntimeClasspath,systemTestRuntimeClasspath,testRuntimeClasspath,tmpTestImplementation
org.junit.jupiter:junit-jupiter-params:5.10.2=integrationTestCompileClasspath,integrationTestRuntimeClasspath,systemTestCompileClasspath,systemTestRuntimeClasspath,testCompileClasspath,testRuntimeClasspath,tmpTestImplementation
org.junit.jupiter:junit-jupiter:5.10.2=integrationTestCompileClasspath,integrationTestRuntimeClasspath,systemTestCompileClasspath,systemTestRuntimeClasspath,testCompileClasspath,testRuntimeClasspath,tmpTestImplementation
org.junit.platform:junit-platform-commons:1.10.2=integrationTestCompileClasspath,integrationTestRuntimeClasspath,systemTestCompileClasspath,systemTestRuntimeClasspath,testCompileClasspath,testRuntimeClasspath,tmpTestImplementation
org.junit.platform:junit-platform-commons:1.9.2=pitest
org.junit.platform:junit-platform-engine:1.10.2=integrationTestRuntimeClasspath,systemTestRuntimeClasspath,testRuntimeClasspath,tmpTestImplementation
org.junit.platform:junit-platform-engine:1.9.2=pitest
org.junit.platform:junit-platform-launcher:1.10.2=integrationTestRuntimeClasspath,systemTestRuntimeClasspath,testRuntimeClasspath
org.junit.platform:junit-platform-launcher:1.9.2=pitest
org.junit:junit-bom:5.10.2=integrationTestCompileClasspath,integrationTestRuntimeClasspath,systemTestCompileClasspath,systemTestRuntimeClasspath,testCompileClasspath,testRuntimeClasspath,tmpTestImplementation
org.junit:junit-bom:5.9.2=pitest
org.mockito:mockito-core:5.11.0=integrationTestCompileClasspath,integrationTestRuntimeClasspath,systemTestCompileClasspath,systemTestRuntimeClasspath,testCompileClasspath,testRuntimeClasspath,tmpTestImplementation
org.objenesis:objenesis:3.3=integrationTestRuntimeClasspath,systemTestRuntimeClasspath,testRuntimeClasspath,tmpTestImplementation
org.opentest4j:opentest4j:1.2.0=pitest
org.opentest4j:opentest4j:1.3.0=integrationTestCompileClasspath,integrationTestRuntimeClasspath,systemTestCompileClasspath,systemTestRuntimeClasspath,testCompileClasspath,testRuntimeClasspath,tmpTestImplementation
org.ow2.asm:asm-analysis:9.5=integrationTestRuntimeClasspath,runtimeClasspath,systemTestRuntimeClasspath,testRuntimeClasspath
org.ow2.asm:asm-commons:9.5=integrationTestRuntimeClasspath,runtimeClasspath,systemTestRuntimeClasspath,testRuntimeClasspath
org.ow2.asm:asm-commons:9.6=jacocoAnt
org.ow2.asm:asm-tree:9.5=integrationTestRuntimeClasspath,runtimeClasspath,systemTestRuntimeClasspath,testRuntimeClasspath
org.ow2.asm:asm-tree:9.6=jacocoAnt
org.ow2.asm:asm-util:9.5=integrationTestRuntimeClasspath,runtimeClasspath,systemTestRuntimeClasspath,testRuntimeClasspath
org.ow2.asm:asm:9.5=integrationTestRuntimeClasspath,runtimeClasspath,systemTestRuntimeClasspath,testRuntimeClasspath
org.ow2.asm:asm:9.6=jacocoAnt
org.pitest:pitest-command-line:1.15.8=pitest
org.pitest:pitest-entry:1.15.8=pitest
org.pitest:pitest-junit5-plugin:1.2.1=pitest
org.pitest:pitest:1.15.8=pitest
org.slf4j:slf4j-api:1.7.25=tmpTestImplementation
org.slf4j:slf4j-api:2.0.12=compileClasspath,integrationTestCompileClasspath,integrationTestRuntimeClasspath,runtimeClasspath,systemTestCompileClasspath,systemTestRuntimeClasspath,testCompileClasspath,testRuntimeClasspath
empty=annotationProcessor,integrationTestAnnotationProcessor,systemTestAnnotationProcessor,testAnnotationProcessor
